// !$*UTF8*$!
{
	archiveVersion = 1;
	classes = {
	};
	objectVersion = 77;
	objects = {

/* Begin PBXBuildFile section */
		547B24192D84C63F00A137DC /* AWSAPIPlugin in Frameworks */ = {isa = PBXBuildFile; productRef = 547B24182D84C63F00A137DC /* AWSAPIPlugin */; };
		547B241B2D84C63F00A137DC /* AWSCognitoAuthPlugin in Frameworks */ = {isa = PBXBuildFile; productRef = 547B241A2D84C63F00A137DC /* AWSCognitoAuthPlugin */; };
		547B241D2D84C63F00A137DC /* AWSS3StoragePlugin in Frameworks */ = {isa = PBXBuildFile; productRef = 547B241C2D84C63F00A137DC /* AWSS3StoragePlugin */; };
		547B241F2D84C63F00A137DC /* Amplify in Frameworks */ = {isa = PBXBuildFile; productRef = 547B241E2D84C63F00A137DC /* Amplify */; };
		547B24212D84C67E00A137DC /* AmplifyConfig.swift in Sources */ = {isa = PBXBuildFile; fileRef = 547B24202D84C67100A137DC /* AmplifyConfig.swift */; };
		D3B305100BDD93127768E8D4 /* awsconfiguration.json in Resources */ = {isa = PBXBuildFile; fileRef = 5D220838003DA846E6E0890A /* awsconfiguration.json */; };
		FEE17EAA5370453981839400 /* amplifyconfiguration.json in Resources */ = {isa = PBXBuildFile; fileRef = F9FD06D97E08C48CD7317FD4 /* amplifyconfiguration.json */; };
/* End PBXBuildFile section */

/* Begin PBXContainerItemProxy section */
		547B23F82D84C02800A137DC /* PBXContainerItemProxy */ = {
			isa = PBXContainerItemProxy;
			containerPortal = 547B23DF2D84C02700A137DC /* Project object */;
			proxyType = 1;
			remoteGlobalIDString = 547B23E62D84C02700A137DC;
			remoteInfo = GroceryApp;
		};
		547B24022D84C02800A137DC /* PBXContainerItemProxy */ = {
			isa = PBXContainerItemProxy;
			containerPortal = 547B23DF2D84C02700A137DC /* Project object */;
			proxyType = 1;
			remoteGlobalIDString = 547B23E62D84C02700A137DC;
			remoteInfo = GroceryApp;
		};
/* End PBXContainerItemProxy section */

/* Begin PBXFileReference section */
		547B23E72D84C02700A137DC /* GroceryApp.app */ = {isa = PBXFileReference; explicitFileType = wrapper.application; includeInIndex = 0; path = GroceryApp.app; sourceTree = BUILT_PRODUCTS_DIR; };
		547B23F72D84C02800A137DC /* GroceryAppTests.xctest */ = {isa = PBXFileReference; explicitFileType = wrapper.cfbundle; includeInIndex = 0; path = GroceryAppTests.xctest; sourceTree = BUILT_PRODUCTS_DIR; };
		547B24012D84C02800A137DC /* GroceryAppUITests.xctest */ = {isa = PBXFileReference; explicitFileType = wrapper.cfbundle; includeInIndex = 0; path = GroceryAppUITests.xctest; sourceTree = BUILT_PRODUCTS_DIR; };
		547B24202D84C67100A137DC /* AmplifyConfig.swift */ = {isa = PBXFileReference; lastKnownFileType = sourcecode.swift; path = AmplifyConfig.swift; sourceTree = "<group>"; };
		547B24502D84D51C00A137DC /* amplifyconfiguration.json */ = {isa = PBXFileReference; lastKnownFileType = text.json; path = amplifyconfiguration.json; sourceTree = "<group>"; };
		5D220838003DA846E6E0890A /* awsconfiguration.json */ = {isa = PBXFileReference; explicitFileType = text.json; path = awsconfiguration.json; sourceTree = "<group>"; };
		F9FD06D97E08C48CD7317FD4 /* amplifyconfiguration.json */ = {isa = PBXFileReference; explicitFileType = text.json; path = amplifyconfiguration.json; sourceTree = "<group>"; };
/* End PBXFileReference section */

/* Begin PBXFileSystemSynchronizedRootGroup section */
		547B23E92D84C02700A137DC /* GroceryApp */ = {
			isa = PBXFileSystemSynchronizedRootGroup;
			path = GroceryApp;
			sourceTree = "<group>";
		};
		547B23FA2D84C02800A137DC /* GroceryAppTests */ = {
			isa = PBXFileSystemSynchronizedRootGroup;
			path = GroceryAppTests;
			sourceTree = "<group>";
		};
		547B24042D84C02800A137DC /* GroceryAppUITests */ = {
			isa = PBXFileSystemSynchronizedRootGroup;
			path = GroceryAppUITests;
			sourceTree = "<group>";
		};
/* End PBXFileSystemSynchronizedRootGroup section */

/* Begin PBXFrameworksBuildPhase section */
		547B23E42D84C02700A137DC /* Frameworks */ = {
			isa = PBXFrameworksBuildPhase;
			buildActionMask = 2147483647;
			files = (
				547B24192D84C63F00A137DC /* AWSAPIPlugin in Frameworks */,
				547B241F2D84C63F00A137DC /* Amplify in Frameworks */,
				547B241B2D84C63F00A137DC /* AWSCognitoAuthPlugin in Frameworks */,
				547B241D2D84C63F00A137DC /* AWSS3StoragePlugin in Frameworks */,
			);
			runOnlyForDeploymentPostprocessing = 0;
		};
		547B23F42D84C02800A137DC /* Frameworks */ = {
			isa = PBXFrameworksBuildPhase;
			buildActionMask = 2147483647;
			files = (
			);
			runOnlyForDeploymentPostprocessing = 0;
		};
		547B23FE2D84C02800A137DC /* Frameworks */ = {
			isa = PBXFrameworksBuildPhase;
			buildActionMask = 2147483647;
			files = (
			);
			runOnlyForDeploymentPostprocessing = 0;
		};
/* End PBXFrameworksBuildPhase section */

/* Begin PBXGroup section */
		489D4F31AC20F8DB5122993D /* AmplifyConfig */ = {
			isa = PBXGroup;
			children = (
				5D220838003DA846E6E0890A /* awsconfiguration.json */,
				F9FD06D97E08C48CD7317FD4 /* amplifyconfiguration.json */,
			);
			name = AmplifyConfig;
			sourceTree = "<group>";
		};
		547B23DE2D84C02700A137DC = {
			isa = PBXGroup;
			children = (
				547B24202D84C67100A137DC /* AmplifyConfig.swift */,
				547B23E92D84C02700A137DC /* GroceryApp */,
				547B23FA2D84C02800A137DC /* GroceryAppTests */,
				547B24042D84C02800A137DC /* GroceryAppUITests */,
				547B23E82D84C02700A137DC /* Products */,
				489D4F31AC20F8DB5122993D /* AmplifyConfig */,
				547B24502D84D51C00A137DC /* amplifyconfiguration.json */,
			);
			sourceTree = "<group>";
		};
		547B23E82D84C02700A137DC /* Products */ = {
			isa = PBXGroup;
			children = (
				547B23E72D84C02700A137DC /* GroceryApp.app */,
				547B23F72D84C02800A137DC /* GroceryAppTests.xctest */,
				547B24012D84C02800A137DC /* GroceryAppUITests.xctest */,
			);
			name = Products;
			sourceTree = "<group>";
		};
/* End PBXGroup section */

/* Begin PBXNativeTarget section */
		547B23E62D84C02700A137DC /* GroceryApp */ = {
			isa = PBXNativeTarget;
			buildConfigurationList = 547B240B2D84C02800A137DC /* Build configuration list for PBXNativeTarget "GroceryApp" */;
			buildPhases = (
				547B23E32D84C02700A137DC /* Sources */,
				547B23E42D84C02700A137DC /* Frameworks */,
				547B23E52D84C02700A137DC /* Resources */,
			);
			buildRules = (
			);
			dependencies = (
			);
			fileSystemSynchronizedGroups = (
				547B23E92D84C02700A137DC /* GroceryApp */,
			);
			name = GroceryApp;
			packageProductDependencies = (
				547B24182D84C63F00A137DC /* AWSAPIPlugin */,
				547B241A2D84C63F00A137DC /* AWSCognitoAuthPlugin */,
				547B241C2D84C63F00A137DC /* AWSS3StoragePlugin */,
				547B241E2D84C63F00A137DC /* Amplify */,
			);
			productName = GroceryApp;
			productReference = 547B23E72D84C02700A137DC /* GroceryApp.app */;
			productType = "com.apple.product-type.application";
		};
		547B23F62D84C02800A137DC /* GroceryAppTests */ = {
			isa = PBXNativeTarget;
			buildConfigurationList = 547B240E2D84C02800A137DC /* Build configuration list for PBXNativeTarget "GroceryAppTests" */;
			buildPhases = (
				547B23F32D84C02800A137DC /* Sources */,
				547B23F42D84C02800A137DC /* Frameworks */,
				547B23F52D84C02800A137DC /* Resources */,
			);
			buildRules = (
			);
			dependencies = (
				547B23F92D84C02800A137DC /* PBXTargetDependency */,
			);
			fileSystemSynchronizedGroups = (
				547B23FA2D84C02800A137DC /* GroceryAppTests */,
			);
			name = GroceryAppTests;
			packageProductDependencies = (
			);
			productName = GroceryAppTests;
			productReference = 547B23F72D84C02800A137DC /* GroceryAppTests.xctest */;
			productType = "com.apple.product-type.bundle.unit-test";
		};
		547B24002D84C02800A137DC /* GroceryAppUITests */ = {
			isa = PBXNativeTarget;
			buildConfigurationList = 547B24112D84C02800A137DC /* Build configuration list for PBXNativeTarget "GroceryAppUITests" */;
			buildPhases = (
				547B23FD2D84C02800A137DC /* Sources */,
				547B23FE2D84C02800A137DC /* Frameworks */,
				547B23FF2D84C02800A137DC /* Resources */,
			);
			buildRules = (
			);
			dependencies = (
				547B24032D84C02800A137DC /* PBXTargetDependency */,
			);
			fileSystemSynchronizedGroups = (
				547B24042D84C02800A137DC /* GroceryAppUITests */,
			);
			name = GroceryAppUITests;
			packageProductDependencies = (
			);
			productName = GroceryAppUITests;
			productReference = 547B24012D84C02800A137DC /* GroceryAppUITests.xctest */;
			productType = "com.apple.product-type.bundle.ui-testing";
		};
/* End PBXNativeTarget section */

/* Begin PBXProject section */
		547B23DF2D84C02700A137DC /* Project object */ = {
			isa = PBXProject;
			attributes = {
				BuildIndependentTargetsInParallel = 1;
				LastSwiftUpdateCheck = 1620;
				LastUpgradeCheck = 1620;
				TargetAttributes = {
					547B23E62D84C02700A137DC = {
						CreatedOnToolsVersion = 16.2;
					};
					547B23F62D84C02800A137DC = {
						CreatedOnToolsVersion = 16.2;
						TestTargetID = 547B23E62D84C02700A137DC;
					};
					547B24002D84C02800A137DC = {
						CreatedOnToolsVersion = 16.2;
						TestTargetID = 547B23E62D84C02700A137DC;
					};
				};
			};
			buildConfigurationList = 547B23E22D84C02700A137DC /* Build configuration list for PBXProject "GroceryApp" */;
			developmentRegion = en;
			hasScannedForEncodings = 0;
			knownRegions = (
				en,
				Base,
			);
			mainGroup = 547B23DE2D84C02700A137DC;
			minimizedProjectReferenceProxies = 1;
			packageReferences = (
				547B24172D84C63F00A137DC /* XCRemoteSwiftPackageReference "amplify-swift" */,
			);
			preferredProjectObjectVersion = 77;
			productRefGroup = 547B23E82D84C02700A137DC /* Products */;
			projectDirPath = "";
			projectRoot = "";
			targets = (
				547B23E62D84C02700A137DC /* GroceryApp */,
				547B23F62D84C02800A137DC /* GroceryAppTests */,
				547B24002D84C02800A137DC /* GroceryAppUITests */,
			);
		};
/* End PBXProject section */

/* Begin PBXResourcesBuildPhase section */
		547B23E52D84C02700A137DC /* Resources */ = {
			isa = PBXResourcesBuildPhase;
			buildActionMask = 2147483647;
			files = (
				D3B305100BDD93127768E8D4 /* awsconfiguration.json in Resources */,
				FEE17EAA5370453981839400 /* amplifyconfiguration.json in Resources */,
			);
			runOnlyForDeploymentPostprocessing = 0;
		};
		547B23F52D84C02800A137DC /* Resources */ = {
			isa = PBXResourcesBuildPhase;
			buildActionMask = 2147483647;
			files = (
			);
			runOnlyForDeploymentPostprocessing = 0;
		};
		547B23FF2D84C02800A137DC /* Resources */ = {
			isa = PBXResourcesBuildPhase;
			buildActionMask = 2147483647;
			files = (
			);
			runOnlyForDeploymentPostprocessing = 0;
		};
/* End PBXResourcesBuildPhase section */

/* Begin PBXSourcesBuildPhase section */
		547B23E32D84C02700A137DC /* Sources */ = {
			isa = PBXSourcesBuildPhase;
			buildActionMask = 2147483647;
			files = (
				547B24212D84C67E00A137DC /* AmplifyConfig.swift in Sources */,
			);
			runOnlyForDeploymentPostprocessing = 0;
		};
		547B23F32D84C02800A137DC /* Sources */ = {
			isa = PBXSourcesBuildPhase;
			buildActionMask = 2147483647;
			files = (
			);
			runOnlyForDeploymentPostprocessing = 0;
		};
		547B23FD2D84C02800A137DC /* Sources */ = {
			isa = PBXSourcesBuildPhase;
			buildActionMask = 2147483647;
			files = (
			);
			runOnlyForDeploymentPostprocessing = 0;
		};
/* End PBXSourcesBuildPhase section */

/* Begin PBXTargetDependency section */
		547B23F92D84C02800A137DC /* PBXTargetDependency */ = {
			isa = PBXTargetDependency;
			target = 547B23E62D84C02700A137DC /* GroceryApp */;
			targetProxy = 547B23F82D84C02800A137DC /* PBXContainerItemProxy */;
		};
		547B24032D84C02800A137DC /* PBXTargetDependency */ = {
			isa = PBXTargetDependency;
			target = 547B23E62D84C02700A137DC /* GroceryApp */;
			targetProxy = 547B24022D84C02800A137DC /* PBXContainerItemProxy */;
		};
/* End PBXTargetDependency section */

/* Begin XCBuildConfiguration section */
		547B24092D84C02800A137DC /* Debug */ = {
			isa = XCBuildConfiguration;
			buildSettings = {
				ALWAYS_SEARCH_USER_PATHS = NO;
				ASSETCATALOG_COMPILER_GENERATE_SWIFT_ASSET_SYMBOL_EXTENSIONS = YES;
				CLANG_ANALYZER_NONNULL = YES;
				CLANG_ANALYZER_NUMBER_OBJECT_CONVERSION = YES_AGGRESSIVE;
				CLANG_CXX_LANGUAGE_STANDARD = "gnu++20";
				CLANG_ENABLE_MODULES = YES;
				CLANG_ENABLE_OBJC_ARC = YES;
				CLANG_ENABLE_OBJC_WEAK = YES;
				CLANG_WARN_BLOCK_CAPTURE_AUTORELEASING = YES;
				CLANG_WARN_BOOL_CONVERSION = YES;
				CLANG_WARN_COMMA = YES;
				CLANG_WARN_CONSTANT_CONVERSION = YES;
				CLANG_WARN_DEPRECATED_OBJC_IMPLEMENTATIONS = YES;
				CLANG_WARN_DIRECT_OBJC_ISA_USAGE = YES_ERROR;
				CLANG_WARN_DOCUMENTATION_COMMENTS = YES;
				CLANG_WARN_EMPTY_BODY = YES;
				CLANG_WARN_ENUM_CONVERSION = YES;
				CLANG_WARN_INFINITE_RECURSION = YES;
				CLANG_WARN_INT_CONVERSION = YES;
				CLANG_WARN_NON_LITERAL_NULL_CONVERSION = YES;
				CLANG_WARN_OBJC_IMPLICIT_RETAIN_SELF = YES;
				CLANG_WARN_OBJC_LITERAL_CONVERSION = YES;
				CLANG_WARN_OBJC_ROOT_CLASS = YES_ERROR;
				CLANG_WARN_QUOTED_INCLUDE_IN_FRAMEWORK_HEADER = YES;
				CLANG_WARN_RANGE_LOOP_ANALYSIS = YES;
				CLANG_WARN_STRICT_PROTOTYPES = YES;
				CLANG_WARN_SUSPICIOUS_MOVE = YES;
				CLANG_WARN_UNGUARDED_AVAILABILITY = YES_AGGRESSIVE;
				CLANG_WARN_UNREACHABLE_CODE = YES;
				CLANG_WARN__DUPLICATE_METHOD_MATCH = YES;
				COPY_PHASE_STRIP = NO;
				DEBUG_INFORMATION_FORMAT = dwarf;
				ENABLE_STRICT_OBJC_MSGSEND = YES;
				ENABLE_TESTABILITY = YES;
				ENABLE_USER_SCRIPT_SANDBOXING = YES;
				GCC_C_LANGUAGE_STANDARD = gnu17;
				GCC_DYNAMIC_NO_PIC = NO;
				GCC_NO_COMMON_BLOCKS = YES;
				GCC_OPTIMIZATION_LEVEL = 0;
				GCC_PREPROCESSOR_DEFINITIONS = (
					"DEBUG=1",
					"$(inherited)",
				);
				GCC_WARN_64_TO_32_BIT_CONVERSION = YES;
				GCC_WARN_ABOUT_RETURN_TYPE = YES_ERROR;
				GCC_WARN_UNDECLARED_SELECTOR = YES;
				GCC_WARN_UNINITIALIZED_AUTOS = YES_AGGRESSIVE;
				GCC_WARN_UNUSED_FUNCTION = YES;
				GCC_WARN_UNUSED_VARIABLE = YES;
				IPHONEOS_DEPLOYMENT_TARGET = 18.2;
				LOCALIZATION_PREFERS_STRING_CATALOGS = YES;
				MTL_ENABLE_DEBUG_INFO = INCLUDE_SOURCE;
				MTL_FAST_MATH = YES;
				ONLY_ACTIVE_ARCH = YES;
				SDKROOT = iphoneos;
				SWIFT_ACTIVE_COMPILATION_CONDITIONS = "DEBUG $(inherited)";
				SWIFT_OPTIMIZATION_LEVEL = "-Onone";
			};
			name = Debug;
		};
		547B240A2D84C02800A137DC /* Release */ = {
			isa = XCBuildConfiguration;
			buildSettings = {
				ALWAYS_SEARCH_USER_PATHS = NO;
				ASSETCATALOG_COMPILER_GENERATE_SWIFT_ASSET_SYMBOL_EXTENSIONS = YES;
				CLANG_ANALYZER_NONNULL = YES;
				CLANG_ANALYZER_NUMBER_OBJECT_CONVERSION = YES_AGGRESSIVE;
				CLANG_CXX_LANGUAGE_STANDARD = "gnu++20";
				CLANG_ENABLE_MODULES = YES;
				CLANG_ENABLE_OBJC_ARC = YES;
				CLANG_ENABLE_OBJC_WEAK = YES;
				CLANG_WARN_BLOCK_CAPTURE_AUTORELEASING = YES;
				CLANG_WARN_BOOL_CONVERSION = YES;
				CLANG_WARN_COMMA = YES;
				CLANG_WARN_CONSTANT_CONVERSION = YES;
				CLANG_WARN_DEPRECATED_OBJC_IMPLEMENTATIONS = YES;
				CLANG_WARN_DIRECT_OBJC_ISA_USAGE = YES_ERROR;
				CLANG_WARN_DOCUMENTATION_COMMENTS = YES;
				CLANG_WARN_EMPTY_BODY = YES;
				CLANG_WARN_ENUM_CONVERSION = YES;
				CLANG_WARN_INFINITE_RECURSION = YES;
				CLANG_WARN_INT_CONVERSION = YES;
				CLANG_WARN_NON_LITERAL_NULL_CONVERSION = YES;
				CLANG_WARN_OBJC_IMPLICIT_RETAIN_SELF = YES;
				CLANG_WARN_OBJC_LITERAL_CONVERSION = YES;
				CLANG_WARN_OBJC_ROOT_CLASS = YES_ERROR;
				CLANG_WARN_QUOTED_INCLUDE_IN_FRAMEWORK_HEADER = YES;
				CLANG_WARN_RANGE_LOOP_ANALYSIS = YES;
				CLANG_WARN_STRICT_PROTOTYPES = YES;
				CLANG_WARN_SUSPICIOUS_MOVE = YES;
				CLANG_WARN_UNGUARDED_AVAILABILITY = YES_AGGRESSIVE;
				CLANG_WARN_UNREACHABLE_CODE = YES;
				CLANG_WARN__DUPLICATE_METHOD_MATCH = YES;
				COPY_PHASE_STRIP = NO;
				DEBUG_INFORMATION_FORMAT = "dwarf-with-dsym";
				ENABLE_NS_ASSERTIONS = NO;
				ENABLE_STRICT_OBJC_MSGSEND = YES;
				ENABLE_USER_SCRIPT_SANDBOXING = YES;
				GCC_C_LANGUAGE_STANDARD = gnu17;
				GCC_NO_COMMON_BLOCKS = YES;
				GCC_WARN_64_TO_32_BIT_CONVERSION = YES;
				GCC_WARN_ABOUT_RETURN_TYPE = YES_ERROR;
				GCC_WARN_UNDECLARED_SELECTOR = YES;
				GCC_WARN_UNINITIALIZED_AUTOS = YES_AGGRESSIVE;
				GCC_WARN_UNUSED_FUNCTION = YES;
				GCC_WARN_UNUSED_VARIABLE = YES;
				IPHONEOS_DEPLOYMENT_TARGET = 18.2;
				LOCALIZATION_PREFERS_STRING_CATALOGS = YES;
				MTL_ENABLE_DEBUG_INFO = NO;
				MTL_FAST_MATH = YES;
				SDKROOT = iphoneos;
				SWIFT_COMPILATION_MODE = wholemodule;
				VALIDATE_PRODUCT = YES;
			};
			name = Release;
		};
		547B240C2D84C02800A137DC /* Debug */ = {
			isa = XCBuildConfiguration;
			buildSettings = {
				ASSETCATALOG_COMPILER_APPICON_NAME = AppIcon;
				ASSETCATALOG_COMPILER_GLOBAL_ACCENT_COLOR_NAME = AccentColor;
				CODE_SIGN_STYLE = Automatic;
				CURRENT_PROJECT_VERSION = 1;
				DEVELOPMENT_ASSET_PATHS = "\"GroceryApp/Preview Content\"";
				DEVELOPMENT_TEAM = QDMJ3W384Z;
				ENABLE_PREVIEWS = YES;
				GENERATE_INFOPLIST_FILE = YES;
				INFOPLIST_KEY_NSCameraUsageDescription = "\"This app needs camera access to detect grocery items\"";
				INFOPLIST_KEY_NSMicrophoneUsageDescription = "\"This app needs microphone access for user grocery list specification\"";
				INFOPLIST_KEY_UIApplicationSceneManifest_Generation = YES;
				INFOPLIST_KEY_UIApplicationSupportsIndirectInputEvents = YES;
				INFOPLIST_KEY_UILaunchScreen_Generation = YES;
				INFOPLIST_KEY_UISupportedInterfaceOrientations_iPad = "UIInterfaceOrientationPortrait UIInterfaceOrientationPortraitUpsideDown UIInterfaceOrientationLandscapeLeft UIInterfaceOrientationLandscapeRight";
				INFOPLIST_KEY_UISupportedInterfaceOrientations_iPhone = "UIInterfaceOrientationPortrait UIInterfaceOrientationLandscapeLeft UIInterfaceOrientationLandscapeRight";
				LD_RUNPATH_SEARCH_PATHS = (
					"$(inherited)",
					"@executable_path/Frameworks",
				);
				MARKETING_VERSION = 1.0;
				PRODUCT_BUNDLE_IDENTIFIER = AceData.GroceryApp;
				PRODUCT_NAME = "$(TARGET_NAME)";
				SWIFT_EMIT_LOC_STRINGS = YES;
				SWIFT_VERSION = 5.0;
				TARGETED_DEVICE_FAMILY = "1,2";
			};
			name = Debug;
		};
		547B240D2D84C02800A137DC /* Release */ = {
			isa = XCBuildConfiguration;
			buildSettings = {
				ASSETCATALOG_COMPILER_APPICON_NAME = AppIcon;
				ASSETCATALOG_COMPILER_GLOBAL_ACCENT_COLOR_NAME = AccentColor;
				CODE_SIGN_STYLE = Automatic;
				CURRENT_PROJECT_VERSION = 1;
				DEVELOPMENT_ASSET_PATHS = "\"GroceryApp/Preview Content\"";
				DEVELOPMENT_TEAM = QDMJ3W384Z;
				ENABLE_PREVIEWS = YES;
				GENERATE_INFOPLIST_FILE = YES;
				INFOPLIST_KEY_NSCameraUsageDescription = "\"This app needs camera access to detect grocery items\"";
				INFOPLIST_KEY_NSMicrophoneUsageDescription = "\"This app needs microphone access for user grocery list specification\"";
				INFOPLIST_KEY_UIApplicationSceneManifest_Generation = YES;
				INFOPLIST_KEY_UIApplicationSupportsIndirectInputEvents = YES;
				INFOPLIST_KEY_UILaunchScreen_Generation = YES;
				INFOPLIST_KEY_UISupportedInterfaceOrientations_iPad = "UIInterfaceOrientationPortrait UIInterfaceOrientationPortraitUpsideDown UIInterfaceOrientationLandscapeLeft UIInterfaceOrientationLandscapeRight";
				INFOPLIST_KEY_UISupportedInterfaceOrientations_iPhone = "UIInterfaceOrientationPortrait UIInterfaceOrientationLandscapeLeft UIInterfaceOrientationLandscapeRight";
				LD_RUNPATH_SEARCH_PATHS = (
					"$(inherited)",
					"@executable_path/Frameworks",
				);
				MARKETING_VERSION = 1.0;
				PRODUCT_BUNDLE_IDENTIFIER = AceData.GroceryApp;
				PRODUCT_NAME = "$(TARGET_NAME)";
				SWIFT_EMIT_LOC_STRINGS = YES;
				SWIFT_VERSION = 5.0;
				TARGETED_DEVICE_FAMILY = "1,2";
			};
			name = Release;
		};
		547B240F2D84C02800A137DC /* Debug */ = {
			isa = XCBuildConfiguration;
			buildSettings = {
				BUNDLE_LOADER = "$(TEST_HOST)";
				CODE_SIGN_STYLE = Automatic;
				CURRENT_PROJECT_VERSION = 1;
				DEVELOPMENT_TEAM = QDMJ3W384Z;
				GENERATE_INFOPLIST_FILE = YES;
				IPHONEOS_DEPLOYMENT_TARGET = 18.2;
				MARKETING_VERSION = 1.0;
				PRODUCT_BUNDLE_IDENTIFIER = AceData.GroceryAppTests;
				PRODUCT_NAME = "$(TARGET_NAME)";
				SWIFT_EMIT_LOC_STRINGS = NO;
				SWIFT_VERSION = 5.0;
				TARGETED_DEVICE_FAMILY = "1,2";
				TEST_HOST = "$(BUILT_PRODUCTS_DIR)/GroceryApp.app/$(BUNDLE_EXECUTABLE_FOLDER_PATH)/GroceryApp";
			};
			name = Debug;
		};
		547B24102D84C02800A137DC /* Release */ = {
			isa = XCBuildConfiguration;
			buildSettings = {
				BUNDLE_LOADER = "$(TEST_HOST)";
				CODE_SIGN_STYLE = Automatic;
				CURRENT_PROJECT_VERSION = 1;
				DEVELOPMENT_TEAM = QDMJ3W384Z;
				GENERATE_INFOPLIST_FILE = YES;
				IPHONEOS_DEPLOYMENT_TARGET = 18.2;
				MARKETING_VERSION = 1.0;
				PRODUCT_BUNDLE_IDENTIFIER = AceData.GroceryAppTests;
				PRODUCT_NAME = "$(TARGET_NAME)";
				SWIFT_EMIT_LOC_STRINGS = NO;
				SWIFT_VERSION = 5.0;
				TARGETED_DEVICE_FAMILY = "1,2";
				TEST_HOST = "$(BUILT_PRODUCTS_DIR)/GroceryApp.app/$(BUNDLE_EXECUTABLE_FOLDER_PATH)/GroceryApp";
			};
			name = Release;
		};
		547B24122D84C02800A137DC /* Debug */ = {
			isa = XCBuildConfiguration;
			buildSettings = {
				CODE_SIGN_STYLE = Automatic;
				CURRENT_PROJECT_VERSION = 1;
				DEVELOPMENT_TEAM = QDMJ3W384Z;
				GENERATE_INFOPLIST_FILE = YES;
				MARKETING_VERSION = 1.0;
				PRODUCT_BUNDLE_IDENTIFIER = AceData.GroceryAppUITests;
				PRODUCT_NAME = "$(TARGET_NAME)";
				SWIFT_EMIT_LOC_STRINGS = NO;
				SWIFT_VERSION = 5.0;
				TARGETED_DEVICE_FAMILY = "1,2";
				TEST_TARGET_NAME = GroceryApp;
			};
			name = Debug;
		};
		547B24132D84C02800A137DC /* Release */ = {
			isa = XCBuildConfiguration;
			buildSettings = {
				CODE_SIGN_STYLE = Automatic;
				CURRENT_PROJECT_VERSION = 1;
				DEVELOPMENT_TEAM = QDMJ3W384Z;
				GENERATE_INFOPLIST_FILE = YES;
				MARKETING_VERSION = 1.0;
				PRODUCT_BUNDLE_IDENTIFIER = AceData.GroceryAppUITests;
				PRODUCT_NAME = "$(TARGET_NAME)";
				SWIFT_EMIT_LOC_STRINGS = NO;
				SWIFT_VERSION = 5.0;
				TARGETED_DEVICE_FAMILY = "1,2";
				TEST_TARGET_NAME = GroceryApp;
			};
			name = Release;
		};
/* End XCBuildConfiguration section */

/* Begin XCConfigurationList section */
		547B23E22D84C02700A137DC /* Build configuration list for PBXProject "GroceryApp" */ = {
			isa = XCConfigurationList;
			buildConfigurations = (
				547B24092D84C02800A137DC /* Debug */,
				547B240A2D84C02800A137DC /* Release */,
			);
			defaultConfigurationIsVisible = 0;
			defaultConfigurationName = Release;
		};
		547B240B2D84C02800A137DC /* Build configuration list for PBXNativeTarget "GroceryApp" */ = {
			isa = XCConfigurationList;
			buildConfigurations = (
				547B240C2D84C02800A137DC /* Debug */,
				547B240D2D84C02800A137DC /* Release */,
			);
			defaultConfigurationIsVisible = 0;
			defaultConfigurationName = Release;
		};
		547B240E2D84C02800A137DC /* Build configuration list for PBXNativeTarget "GroceryAppTests" */ = {
			isa = XCConfigurationList;
			buildConfigurations = (
				547B240F2D84C02800A137DC /* Debug */,
				547B24102D84C02800A137DC /* Release */,
			);
			defaultConfigurationIsVisible = 0;
			defaultConfigurationName = Release;
		};
		547B24112D84C02800A137DC /* Build configuration list for PBXNativeTarget "GroceryAppUITests" */ = {
			isa = XCConfigurationList;
			buildConfigurations = (
				547B24122D84C02800A137DC /* Debug */,
				547B24132D84C02800A137DC /* Release */,
			);
			defaultConfigurationIsVisible = 0;
			defaultConfigurationName = Release;
		};
/* End XCConfigurationList section */

/* Begin XCRemoteSwiftPackageReference section */
		547B24172D84C63F00A137DC /* XCRemoteSwiftPackageReference "amplify-swift" */ = {
			isa = XCRemoteSwiftPackageReference;
			repositoryURL = "https://github.com/aws-amplify/amplify-swift";
			requirement = {
				kind = upToNextMajorVersion;
				minimumVersion = 2.46.0;
			};
		};
/* End XCRemoteSwiftPackageReference section */

/* Begin XCSwiftPackageProductDependency section */
		547B24182D84C63F00A137DC /* AWSAPIPlugin */ = {
			isa = XCSwiftPackageProductDependency;
			package = 547B24172D84C63F00A137DC /* XCRemoteSwiftPackageReference "amplify-swift" */;
			productName = AWSAPIPlugin;
		};
		547B241A2D84C63F00A137DC /* AWSCognitoAuthPlugin */ = {
			isa = XCSwiftPackageProductDependency;
			package = 547B24172D84C63F00A137DC /* XCRemoteSwiftPackageReference "amplify-swift" */;
			productName = AWSCognitoAuthPlugin;
		};
		547B241C2D84C63F00A137DC /* AWSS3StoragePlugin */ = {
			isa = XCSwiftPackageProductDependency;
			package = 547B24172D84C63F00A137DC /* XCRemoteSwiftPackageReference "amplify-swift" */;
			productName = AWSS3StoragePlugin;
		};
		547B241E2D84C63F00A137DC /* Amplify */ = {
			isa = XCSwiftPackageProductDependency;
			package = 547B24172D84C63F00A137DC /* XCRemoteSwiftPackageReference "amplify-swift" */;
			productName = Amplify;
		};
/* End XCSwiftPackageProductDependency section */
	};
	rootObject = 547B23DF2D84C02700A137DC /* Project object */;
}
